
Microsoft Visual Studio Solution File, Format Version 12.00
# Visual Studio 15
VisualStudioVersion = 15.0.26430.16
MinimumVisualStudioVersion = 10.0.40219.1
Project("{FAE04EC0-301F-11D3-BF4B-00C04F79EFBC}") = "ShopifyAPILibrary", "ShopifyAdapter\ShopifyAPILibrary.csproj", "{35165008-E3AE-4B9C-8EA7-E90B08A887F0}"
EndProject
Project("{FAE04EC0-301F-11D3-BF4B-00C04F79EFBC}") = "TLTagsControl", "TLTagsControl\TLTagsControl.csproj", "{C61317ED-26B6-4F9C-88B2-66D0C9543BA2}"
EndProject
Project("{FAE04EC0-301F-11D3-BF4B-00C04F79EFBC}") = "GreenleafiManager", "GreenleafiManager\GreenleafiManager.csproj", "{0783BC4B-46D7-45EA-9162-EEBE8FF78A08}"
EndProject
Project("{FAE04EC0-301F-11D3-BF4B-00C04F79EFBC}") = "iManagerPhone", "iManagerPhone\iManagerPhone.csproj", "{1458F7D5-FC89-4942-92D6-022DD648C15D}"
EndProject
Project("{FAE04EC0-301F-11D3-BF4B-00C04F79EFBC}") = "GreenleafiManager.ShopifyClient", "GreenleafiManager.ShopifyClient\GreenleafiManager.ShopifyClient.csproj", "{0834475F-7E09-4B87-AF8B-17E0AFA9A0C2}"
EndProject
Global
	GlobalSection(SolutionConfigurationPlatforms) = preSolution
		Ad-Hoc|Any CPU = Ad-Hoc|Any CPU
		Ad-Hoc|iPhone = Ad-Hoc|iPhone
		Ad-Hoc|iPhoneSimulator = Ad-Hoc|iPhoneSimulator
		AppStore|Any CPU = AppStore|Any CPU
		AppStore|iPhone = AppStore|iPhone
		AppStore|iPhoneSimulator = AppStore|iPhoneSimulator
		Debug|Any CPU = Debug|Any CPU
		Debug|iPhone = Debug|iPhone
		Debug|iPhoneSimulator = Debug|iPhoneSimulator
		Release|Any CPU = Release|Any CPU
		Release|iPhone = Release|iPhone
		Release|iPhoneSimulator = Release|iPhoneSimulator
		Staging|Any CPU = Staging|Any CPU
		Staging|iPhone = Staging|iPhone
		Staging|iPhoneSimulator = Staging|iPhoneSimulator
	EndGlobalSection
	GlobalSection(ProjectConfigurationPlatforms) = postSolution
		{35165008-E3AE-4B9C-8EA7-E90B08A887F0}.Ad-Hoc|Any CPU.ActiveCfg = Debug|Any CPU
		{35165008-E3AE-4B9C-8EA7-E90B08A887F0}.Ad-Hoc|Any CPU.Build.0 = Debug|Any CPU
		{35165008-E3AE-4B9C-8EA7-E90B08A887F0}.Ad-Hoc|iPhone.ActiveCfg = Release|Any CPU
		{35165008-E3AE-4B9C-8EA7-E90B08A887F0}.Ad-Hoc|iPhone.Build.0 = Release|Any CPU
		{35165008-E3AE-4B9C-8EA7-E90B08A887F0}.Ad-Hoc|iPhoneSimulator.ActiveCfg = Debug|Any CPU
		{35165008-E3AE-4B9C-8EA7-E90B08A887F0}.Ad-Hoc|iPhoneSimulator.Build.0 = Debug|Any CPU
		{35165008-E3AE-4B9C-8EA7-E90B08A887F0}.AppStore|Any CPU.ActiveCfg = Debug|Any CPU
		{35165008-E3AE-4B9C-8EA7-E90B08A887F0}.AppStore|Any CPU.Build.0 = Debug|Any CPU
		{35165008-E3AE-4B9C-8EA7-E90B08A887F0}.AppStore|iPhone.ActiveCfg = Release|Any CPU
		{35165008-E3AE-4B9C-8EA7-E90B08A887F0}.AppStore|iPhone.Build.0 = Release|Any CPU
		{35165008-E3AE-4B9C-8EA7-E90B08A887F0}.AppStore|iPhoneSimulator.ActiveCfg = Debug|Any CPU
		{35165008-E3AE-4B9C-8EA7-E90B08A887F0}.AppStore|iPhoneSimulator.Build.0 = Debug|Any CPU
		{35165008-E3AE-4B9C-8EA7-E90B08A887F0}.Debug|Any CPU.ActiveCfg = Debug|Any CPU
		{35165008-E3AE-4B9C-8EA7-E90B08A887F0}.Debug|Any CPU.Build.0 = Debug|Any CPU
		{35165008-E3AE-4B9C-8EA7-E90B08A887F0}.Debug|iPhone.ActiveCfg = Debug|Any CPU
		{35165008-E3AE-4B9C-8EA7-E90B08A887F0}.Debug|iPhone.Build.0 = Debug|Any CPU
		{35165008-E3AE-4B9C-8EA7-E90B08A887F0}.Debug|iPhoneSimulator.ActiveCfg = Debug|Any CPU
		{35165008-E3AE-4B9C-8EA7-E90B08A887F0}.Debug|iPhoneSimulator.Build.0 = Debug|Any CPU
		{35165008-E3AE-4B9C-8EA7-E90B08A887F0}.Release|Any CPU.ActiveCfg = Release|Any CPU
		{35165008-E3AE-4B9C-8EA7-E90B08A887F0}.Release|Any CPU.Build.0 = Release|Any CPU
		{35165008-E3AE-4B9C-8EA7-E90B08A887F0}.Release|iPhone.ActiveCfg = Release|Any CPU
		{35165008-E3AE-4B9C-8EA7-E90B08A887F0}.Release|iPhone.Build.0 = Release|Any CPU
		{35165008-E3AE-4B9C-8EA7-E90B08A887F0}.Release|iPhoneSimulator.ActiveCfg = Release|Any CPU
		{35165008-E3AE-4B9C-8EA7-E90B08A887F0}.Release|iPhoneSimulator.Build.0 = Release|Any CPU
		{35165008-E3AE-4B9C-8EA7-E90B08A887F0}.Staging|Any CPU.ActiveCfg = Debug|Any CPU
		{35165008-E3AE-4B9C-8EA7-E90B08A887F0}.Staging|Any CPU.Build.0 = Debug|Any CPU
		{35165008-E3AE-4B9C-8EA7-E90B08A887F0}.Staging|iPhone.ActiveCfg = Debug|Any CPU
		{35165008-E3AE-4B9C-8EA7-E90B08A887F0}.Staging|iPhone.Build.0 = Debug|Any CPU
		{35165008-E3AE-4B9C-8EA7-E90B08A887F0}.Staging|iPhoneSimulator.ActiveCfg = Debug|Any CPU
		{35165008-E3AE-4B9C-8EA7-E90B08A887F0}.Staging|iPhoneSimulator.Build.0 = Debug|Any CPU
		{C61317ED-26B6-4F9C-88B2-66D0C9543BA2}.Ad-Hoc|Any CPU.ActiveCfg = Release|Any CPU
		{C61317ED-26B6-4F9C-88B2-66D0C9543BA2}.Ad-Hoc|Any CPU.Build.0 = Release|Any CPU
		{C61317ED-26B6-4F9C-88B2-66D0C9543BA2}.Ad-Hoc|iPhone.ActiveCfg = Release|Any CPU
		{C61317ED-26B6-4F9C-88B2-66D0C9543BA2}.Ad-Hoc|iPhone.Build.0 = Release|Any CPU
		{C61317ED-26B6-4F9C-88B2-66D0C9543BA2}.Ad-Hoc|iPhoneSimulator.ActiveCfg = Release|Any CPU
		{C61317ED-26B6-4F9C-88B2-66D0C9543BA2}.Ad-Hoc|iPhoneSimulator.Build.0 = Release|Any CPU
		{C61317ED-26B6-4F9C-88B2-66D0C9543BA2}.AppStore|Any CPU.ActiveCfg = Release|Any CPU
		{C61317ED-26B6-4F9C-88B2-66D0C9543BA2}.AppStore|Any CPU.Build.0 = Release|Any CPU
		{C61317ED-26B6-4F9C-88B2-66D0C9543BA2}.AppStore|iPhone.ActiveCfg = Release|Any CPU
		{C61317ED-26B6-4F9C-88B2-66D0C9543BA2}.AppStore|iPhone.Build.0 = Release|Any CPU
		{C61317ED-26B6-4F9C-88B2-66D0C9543BA2}.AppStore|iPhoneSimulator.ActiveCfg = Release|Any CPU
		{C61317ED-26B6-4F9C-88B2-66D0C9543BA2}.AppStore|iPhoneSimulator.Build.0 = Release|Any CPU
		{C61317ED-26B6-4F9C-88B2-66D0C9543BA2}.Debug|Any CPU.ActiveCfg = Debug|Any CPU
		{C61317ED-26B6-4F9C-88B2-66D0C9543BA2}.Debug|Any CPU.Build.0 = Debug|Any CPU
		{C61317ED-26B6-4F9C-88B2-66D0C9543BA2}.Debug|iPhone.ActiveCfg = Debug|Any CPU
		{C61317ED-26B6-4F9C-88B2-66D0C9543BA2}.Debug|iPhone.Build.0 = Debug|Any CPU
		{C61317ED-26B6-4F9C-88B2-66D0C9543BA2}.Debug|iPhoneSimulator.ActiveCfg = Debug|Any CPU
		{C61317ED-26B6-4F9C-88B2-66D0C9543BA2}.Debug|iPhoneSimulator.Build.0 = Debug|Any CPU
		{C61317ED-26B6-4F9C-88B2-66D0C9543BA2}.Release|Any CPU.ActiveCfg = Release|Any CPU
		{C61317ED-26B6-4F9C-88B2-66D0C9543BA2}.Release|Any CPU.Build.0 = Release|Any CPU
		{C61317ED-26B6-4F9C-88B2-66D0C9543BA2}.Release|iPhone.ActiveCfg = Release|Any CPU
		{C61317ED-26B6-4F9C-88B2-66D0C9543BA2}.Release|iPhone.Build.0 = Release|Any CPU
		{C61317ED-26B6-4F9C-88B2-66D0C9543BA2}.Release|iPhoneSimulator.ActiveCfg = Release|Any CPU
		{C61317ED-26B6-4F9C-88B2-66D0C9543BA2}.Release|iPhoneSimulator.Build.0 = Release|Any CPU
		{C61317ED-26B6-4F9C-88B2-66D0C9543BA2}.Staging|Any CPU.ActiveCfg = Debug|Any CPU
		{C61317ED-26B6-4F9C-88B2-66D0C9543BA2}.Staging|Any CPU.Build.0 = Debug|Any CPU
		{C61317ED-26B6-4F9C-88B2-66D0C9543BA2}.Staging|iPhone.ActiveCfg = Debug|Any CPU
		{C61317ED-26B6-4F9C-88B2-66D0C9543BA2}.Staging|iPhone.Build.0 = Debug|Any CPU
		{C61317ED-26B6-4F9C-88B2-66D0C9543BA2}.Staging|iPhoneSimulator.ActiveCfg = Release|Any CPU
		{C61317ED-26B6-4F9C-88B2-66D0C9543BA2}.Staging|iPhoneSimulator.Build.0 = Release|Any CPU
		{0783BC4B-46D7-45EA-9162-EEBE8FF78A08}.Ad-Hoc|Any CPU.ActiveCfg = Release|iPhoneSimulator
		{0783BC4B-46D7-45EA-9162-EEBE8FF78A08}.Ad-Hoc|Any CPU.Build.0 = Release|iPhoneSimulator
		{0783BC4B-46D7-45EA-9162-EEBE8FF78A08}.Ad-Hoc|iPhone.ActiveCfg = Release|iPhone
		{0783BC4B-46D7-45EA-9162-EEBE8FF78A08}.Ad-Hoc|iPhone.Build.0 = Release|iPhone
		{0783BC4B-46D7-45EA-9162-EEBE8FF78A08}.Ad-Hoc|iPhoneSimulator.ActiveCfg = Release|iPhoneSimulator
		{0783BC4B-46D7-45EA-9162-EEBE8FF78A08}.Ad-Hoc|iPhoneSimulator.Build.0 = Release|iPhoneSimulator
		{0783BC4B-46D7-45EA-9162-EEBE8FF78A08}.AppStore|Any CPU.ActiveCfg = Release|iPhoneSimulator
		{0783BC4B-46D7-45EA-9162-EEBE8FF78A08}.AppStore|Any CPU.Build.0 = Release|iPhoneSimulator
		{0783BC4B-46D7-45EA-9162-EEBE8FF78A08}.AppStore|iPhone.ActiveCfg = Release|iPhone
		{0783BC4B-46D7-45EA-9162-EEBE8FF78A08}.AppStore|iPhone.Build.0 = Release|iPhone
		{0783BC4B-46D7-45EA-9162-EEBE8FF78A08}.AppStore|iPhoneSimulator.ActiveCfg = Release|iPhoneSimulator
		{0783BC4B-46D7-45EA-9162-EEBE8FF78A08}.AppStore|iPhoneSimulator.Build.0 = Release|iPhoneSimulator
		{0783BC4B-46D7-45EA-9162-EEBE8FF78A08}.Debug|Any CPU.ActiveCfg = Debug|iPhoneSimulator
		{0783BC4B-46D7-45EA-9162-EEBE8FF78A08}.Debug|Any CPU.Build.0 = Debug|iPhoneSimulator
		{0783BC4B-46D7-45EA-9162-EEBE8FF78A08}.Debug|iPhone.ActiveCfg = Debug|iPhone
		{0783BC4B-46D7-45EA-9162-EEBE8FF78A08}.Debug|iPhone.Build.0 = Debug|iPhone
		{0783BC4B-46D7-45EA-9162-EEBE8FF78A08}.Debug|iPhoneSimulator.ActiveCfg = Debug|iPhoneSimulator
		{0783BC4B-46D7-45EA-9162-EEBE8FF78A08}.Debug|iPhoneSimulator.Build.0 = Debug|iPhoneSimulator
		{0783BC4B-46D7-45EA-9162-EEBE8FF78A08}.Release|Any CPU.ActiveCfg = Release|iPhoneSimulator
		{0783BC4B-46D7-45EA-9162-EEBE8FF78A08}.Release|iPhone.ActiveCfg = Release|iPhone
		{0783BC4B-46D7-45EA-9162-EEBE8FF78A08}.Release|iPhone.Build.0 = Release|iPhone
		{0783BC4B-46D7-45EA-9162-EEBE8FF78A08}.Release|iPhoneSimulator.ActiveCfg = Release|iPhoneSimulator
		{0783BC4B-46D7-45EA-9162-EEBE8FF78A08}.Release|iPhoneSimulator.Build.0 = Release|iPhoneSimulator
		{0783BC4B-46D7-45EA-9162-EEBE8FF78A08}.Staging|Any CPU.ActiveCfg = Debug|iPhoneSimulator
		{0783BC4B-46D7-45EA-9162-EEBE8FF78A08}.Staging|Any CPU.Build.0 = Debug|iPhoneSimulator
		{0783BC4B-46D7-45EA-9162-EEBE8FF78A08}.Staging|iPhone.ActiveCfg = Debug|iPhone
		{0783BC4B-46D7-45EA-9162-EEBE8FF78A08}.Staging|iPhone.Build.0 = Debug|iPhone
		{0783BC4B-46D7-45EA-9162-EEBE8FF78A08}.Staging|iPhoneSimulator.ActiveCfg = Release|iPhoneSimulator
		{0783BC4B-46D7-45EA-9162-EEBE8FF78A08}.Staging|iPhoneSimulator.Build.0 = Release|iPhoneSimulator
		{1458F7D5-FC89-4942-92D6-022DD648C15D}.Ad-Hoc|Any CPU.ActiveCfg = Release|iPhoneSimulator
		{1458F7D5-FC89-4942-92D6-022DD648C15D}.Ad-Hoc|Any CPU.Build.0 = Release|iPhoneSimulator
		{1458F7D5-FC89-4942-92D6-022DD648C15D}.Ad-Hoc|iPhone.ActiveCfg = Release|iPhone
		{1458F7D5-FC89-4942-92D6-022DD648C15D}.Ad-Hoc|iPhone.Build.0 = Release|iPhone
		{1458F7D5-FC89-4942-92D6-022DD648C15D}.Ad-Hoc|iPhoneSimulator.ActiveCfg = Release|iPhoneSimulator
		{1458F7D5-FC89-4942-92D6-022DD648C15D}.Ad-Hoc|iPhoneSimulator.Build.0 = Release|iPhoneSimulator
		{1458F7D5-FC89-4942-92D6-022DD648C15D}.AppStore|Any CPU.ActiveCfg = Release|iPhoneSimulator
		{1458F7D5-FC89-4942-92D6-022DD648C15D}.AppStore|Any CPU.Build.0 = Release|iPhoneSimulator
		{1458F7D5-FC89-4942-92D6-022DD648C15D}.AppStore|iPhone.ActiveCfg = Release|iPhone
		{1458F7D5-FC89-4942-92D6-022DD648C15D}.AppStore|iPhone.Build.0 = Release|iPhone
		{1458F7D5-FC89-4942-92D6-022DD648C15D}.AppStore|iPhoneSimulator.ActiveCfg = Release|iPhoneSimulator
		{1458F7D5-FC89-4942-92D6-022DD648C15D}.AppStore|iPhoneSimulator.Build.0 = Release|iPhoneSimulator
		{1458F7D5-FC89-4942-92D6-022DD648C15D}.Debug|Any CPU.ActiveCfg = Debug|iPhoneSimulator
		{1458F7D5-FC89-4942-92D6-022DD648C15D}.Debug|Any CPU.Build.0 = Debug|iPhoneSimulator
		{1458F7D5-FC89-4942-92D6-022DD648C15D}.Debug|iPhone.ActiveCfg = Debug|iPhone
		{1458F7D5-FC89-4942-92D6-022DD648C15D}.Debug|iPhone.Build.0 = Debug|iPhone
		{1458F7D5-FC89-4942-92D6-022DD648C15D}.Debug|iPhoneSimulator.ActiveCfg = Debug|iPhoneSimulator
		{1458F7D5-FC89-4942-92D6-022DD648C15D}.Debug|iPhoneSimulator.Build.0 = Debug|iPhoneSimulator
		{1458F7D5-FC89-4942-92D6-022DD648C15D}.Release|Any CPU.ActiveCfg = Release|iPhoneSimulator
		{1458F7D5-FC89-4942-92D6-022DD648C15D}.Release|Any CPU.Build.0 = Release|iPhoneSimulator
		{1458F7D5-FC89-4942-92D6-022DD648C15D}.Release|iPhone.ActiveCfg = Release|iPhone
		{1458F7D5-FC89-4942-92D6-022DD648C15D}.Release|iPhone.Build.0 = Release|iPhone
		{1458F7D5-FC89-4942-92D6-022DD648C15D}.Release|iPhoneSimulator.ActiveCfg = Release|iPhoneSimulator
		{1458F7D5-FC89-4942-92D6-022DD648C15D}.Release|iPhoneSimulator.Build.0 = Release|iPhoneSimulator
		{1458F7D5-FC89-4942-92D6-022DD648C15D}.Staging|Any CPU.ActiveCfg = Debug|iPhoneSimulator
		{1458F7D5-FC89-4942-92D6-022DD648C15D}.Staging|Any CPU.Build.0 = Debug|iPhoneSimulator
		{1458F7D5-FC89-4942-92D6-022DD648C15D}.Staging|iPhone.ActiveCfg = Debug|iPhone
		{1458F7D5-FC89-4942-92D6-022DD648C15D}.Staging|iPhone.Build.0 = Debug|iPhone
		{1458F7D5-FC89-4942-92D6-022DD648C15D}.Staging|iPhoneSimulator.ActiveCfg = Release|iPhoneSimulator
		{1458F7D5-FC89-4942-92D6-022DD648C15D}.Staging|iPhoneSimulator.Build.0 = Release|iPhoneSimulator
		{0834475F-7E09-4B87-AF8B-17E0AFA9A0C2}.Ad-Hoc|Any CPU.ActiveCfg = Release|Any CPU
		{0834475F-7E09-4B87-AF8B-17E0AFA9A0C2}.Ad-Hoc|Any CPU.Build.0 = Release|Any CPU
		{0834475F-7E09-4B87-AF8B-17E0AFA9A0C2}.Ad-Hoc|iPhone.ActiveCfg = Release|Any CPU
		{0834475F-7E09-4B87-AF8B-17E0AFA9A0C2}.Ad-Hoc|iPhone.Build.0 = Release|Any CPU
		{0834475F-7E09-4B87-AF8B-17E0AFA9A0C2}.Ad-Hoc|iPhoneSimulator.ActiveCfg = Release|Any CPU
		{0834475F-7E09-4B87-AF8B-17E0AFA9A0C2}.Ad-Hoc|iPhoneSimulator.Build.0 = Release|Any CPU
		{0834475F-7E09-4B87-AF8B-17E0AFA9A0C2}.AppStore|Any CPU.ActiveCfg = Release|Any CPU
		{0834475F-7E09-4B87-AF8B-17E0AFA9A0C2}.AppStore|Any CPU.Build.0 = Release|Any CPU
		{0834475F-7E09-4B87-AF8B-17E0AFA9A0C2}.AppStore|iPhone.ActiveCfg = Release|Any CPU
		{0834475F-7E09-4B87-AF8B-17E0AFA9A0C2}.AppStore|iPhone.Build.0 = Release|Any CPU
		{0834475F-7E09-4B87-AF8B-17E0AFA9A0C2}.AppStore|iPhoneSimulator.ActiveCfg = Release|Any CPU
		{0834475F-7E09-4B87-AF8B-17E0AFA9A0C2}.AppStore|iPhoneSimulator.Build.0 = Release|Any CPU
		{0834475F-7E09-4B87-AF8B-17E0AFA9A0C2}.Debug|Any CPU.ActiveCfg = Debug|Any CPU
		{0834475F-7E09-4B87-AF8B-17E0AFA9A0C2}.Debug|Any CPU.Build.0 = Debug|Any CPU
		{0834475F-7E09-4B87-AF8B-17E0AFA9A0C2}.Debug|iPhone.ActiveCfg = Debug|Any CPU
		{0834475F-7E09-4B87-AF8B-17E0AFA9A0C2}.Debug|iPhone.Build.0 = Debug|Any CPU
		{0834475F-7E09-4B87-AF8B-17E0AFA9A0C2}.Debug|iPhoneSimulator.ActiveCfg = Debug|Any CPU
		{0834475F-7E09-4B87-AF8B-17E0AFA9A0C2}.Debug|iPhoneSimulator.Build.0 = Debug|Any CPU
		{0834475F-7E09-4B87-AF8B-17E0AFA9A0C2}.Release|Any CPU.ActiveCfg = Release|Any CPU
		{0834475F-7E09-4B87-AF8B-17E0AFA9A0C2}.Release|Any CPU.Build.0 = Release|Any CPU
		{0834475F-7E09-4B87-AF8B-17E0AFA9A0C2}.Release|iPhone.ActiveCfg = Release|Any CPU
		{0834475F-7E09-4B87-AF8B-17E0AFA9A0C2}.Release|iPhone.Build.0 = Release|Any CPU
		{0834475F-7E09-4B87-AF8B-17E0AFA9A0C2}.Release|iPhoneSimulator.ActiveCfg = Release|Any CPU
		{0834475F-7E09-4B87-AF8B-17E0AFA9A0C2}.Release|iPhoneSimulator.Build.0 = Release|Any CPU
		{0834475F-7E09-4B87-AF8B-17E0AFA9A0C2}.Staging|Any CPU.ActiveCfg = Release|Any CPU
		{0834475F-7E09-4B87-AF8B-17E0AFA9A0C2}.Staging|Any CPU.Build.0 = Release|Any CPU
		{0834475F-7E09-4B87-AF8B-17E0AFA9A0C2}.Staging|iPhone.ActiveCfg = Release|Any CPU
		{0834475F-7E09-4B87-AF8B-17E0AFA9A0C2}.Staging|iPhone.Build.0 = Release|Any CPU
		{0834475F-7E09-4B87-AF8B-17E0AFA9A0C2}.Staging|iPhoneSimulator.ActiveCfg = Release|Any CPU
		{0834475F-7E09-4B87-AF8B-17E0AFA9A0C2}.Staging|iPhoneSimulator.Build.0 = Release|Any CPU
	EndGlobalSection
	GlobalSection(SolutionProperties) = preSolution
		HideSolutionNode = FALSE
	EndGlobalSection
EndGlobal
